
Microsoft Visual Studio Solution File, Format Version 12.00
# Visual Studio Version 17
VisualStudioVersion = 17.10.35013.160
MinimumVisualStudioVersion = 10.0.40219.1
Project("{9A19103F-16F7-4668-BE54-9A1E7A4F7556}") = "Testing", "Testing\Testing.csproj", "{DDEFEB06-BDC1-4405-8064-7D7BB692E6D7}"
EndProject
Project("{9A19103F-16F7-4668-BE54-9A1E7A4F7556}") = "SpendSmart", "SpendSmart\SpendSmart.csproj", "{70775FD5-C7B1-485F-9239-76839388DFE2}"
EndProject
Project("{FAE04EC0-301F-11D3-BF4B-00C04F79EFBC}") = "TempProduct", "TempProduct\TempProduct.csproj", "{26768B35-47AA-4721-803A-FA77054A9236}"
EndProject
Global
	GlobalSection(SolutionConfigurationPlatforms) = preSolution
		Debug|Any CPU = Debug|Any CPU
		Release|Any CPU = Release|Any CPU
	EndGlobalSection
	GlobalSection(ProjectConfigurationPlatforms) = postSolution
		{DDEFEB06-BDC1-4405-8064-7D7BB692E6D7}.Debug|Any CPU.ActiveCfg = Debug|Any CPU
		{DDEFEB06-BDC1-4405-8064-7D7BB692E6D7}.Debug|Any CPU.Build.0 = Debug|Any CPU
		{DDEFEB06-BDC1-4405-8064-7D7BB692E6D7}.Release|Any CPU.ActiveCfg = Release|Any CPU
		{DDEFEB06-BDC1-4405-8064-7D7BB692E6D7}.Release|Any CPU.Build.0 = Release|Any CPU
		{70775FD5-C7B1-485F-9239-76839388DFE2}.Debug|Any CPU.ActiveCfg = Debug|Any CPU
		{70775FD5-C7B1-485F-9239-76839388DFE2}.Debug|Any CPU.Build.0 = Debug|Any CPU
		{70775FD5-C7B1-485F-9239-76839388DFE2}.Release|Any CPU.ActiveCfg = Release|Any CPU
		{70775FD5-C7B1-485F-9239-76839388DFE2}.Release|Any CPU.Build.0 = Release|Any CPU
		{26768B35-47AA-4721-803A-FA77054A9236}.Debug|Any CPU.ActiveCfg = Debug|Any CPU
		{26768B35-47AA-4721-803A-FA77054A9236}.Debug|Any CPU.Build.0 = Debug|Any CPU
		{26768B35-47AA-4721-803A-FA77054A9236}.Release|Any CPU.ActiveCfg = Release|Any CPU
		{26768B35-47AA-4721-803A-FA77054A9236}.Release|Any CPU.Build.0 = Release|Any CPU
	EndGlobalSection
	GlobalSection(SolutionProperties) = preSolution
		HideSolutionNode = FALSE
	EndGlobalSection
	GlobalSection(ExtensibilityGlobals) = postSolution
		SolutionGuid = {199BE981-BECA-4FFF-8E70-D55EF9904EA3}
	EndGlobalSection
EndGlobal
